
Microsoft Visual Studio Solution File, Format Version 12.00
Project("{FAE04EC0-301F-11D3-BF4B-00C04F79EFBC}") = "PerfAndroid", "PerfAndroid\PerfAndroid.csproj", "{4BB0D9E4-DC0F-4546-8A18-CCAF886B2119}"
EndProject
Project("{FAE04EC0-301F-11D3-BF4B-00C04F79EFBC}") = "PerfCore", "PerfCore\PerfCore.csproj", "{A3FD8C08-9209-4B3C-8C6E-54AFA2B61589}"
EndProject
Global
	GlobalSection(SolutionConfigurationPlatforms) = preSolution
		Debug|Any CPU = Debug|Any CPU
		Release|Any CPU = Release|Any CPU
	EndGlobalSection
	GlobalSection(ProjectConfigurationPlatforms) = postSolution
		{4BB0D9E4-DC0F-4546-8A18-CCAF886B2119}.Debug|Any CPU.ActiveCfg = Debug|Any CPU
		{4BB0D9E4-DC0F-4546-8A18-CCAF886B2119}.Debug|Any CPU.Build.0 = Debug|Any CPU
		{4BB0D9E4-DC0F-4546-8A18-CCAF886B2119}.Debug|Any CPU.Deploy.0 = Debug|Any CPU
		{4BB0D9E4-DC0F-4546-8A18-CCAF886B2119}.Release|Any CPU.ActiveCfg = Release|Any CPU
		{4BB0D9E4-DC0F-4546-8A18-CCAF886B2119}.Release|Any CPU.Build.0 = Release|Any CPU
		{4BB0D9E4-DC0F-4546-8A18-CCAF886B2119}.Release|Any CPU.Deploy.0 = Release|Any CPU
		{A3FD8C08-9209-4B3C-8C6E-54AFA2B61589}.Debug|Any CPU.ActiveCfg = Debug|Any CPU
		{A3FD8C08-9209-4B3C-8C6E-54AFA2B61589}.Debug|Any CPU.Build.0 = Debug|Any CPU
		{A3FD8C08-9209-4B3C-8C6E-54AFA2B61589}.Release|Any CPU.ActiveCfg = Release|Any CPU
		{A3FD8C08-9209-4B3C-8C6E-54AFA2B61589}.Release|Any CPU.Build.0 = Release|Any CPU
	EndGlobalSection
EndGlobal
